// !$*UTF8*$!
{
	archiveVersion = 1;
	classes = {
	};
	objectVersion = 46;
	objects = {

/* Begin PBXBuildFile section */
		0260F4881E2789B7006D9C02 /* AppDelegate.swift in Sources */ = {isa = PBXBuildFile; fileRef = 0260F4871E2789B7006D9C02 /* AppDelegate.swift */; };
		0260F48A1E2789B7006D9C02 /* ViewController.swift in Sources */ = {isa = PBXBuildFile; fileRef = 0260F4891E2789B7006D9C02 /* ViewController.swift */; };
		0260F48D1E2789B7006D9C02 /* Main.storyboard in Resources */ = {isa = PBXBuildFile; fileRef = 0260F48B1E2789B7006D9C02 /* Main.storyboard */; };
		0260F48F1E2789B7006D9C02 /* Assets.xcassets in Resources */ = {isa = PBXBuildFile; fileRef = 0260F48E1E2789B7006D9C02 /* Assets.xcassets */; };
		0260F4921E2789B7006D9C02 /* LaunchScreen.storyboard in Resources */ = {isa = PBXBuildFile; fileRef = 0260F4901E2789B7006D9C02 /* LaunchScreen.storyboard */; };
/* End PBXBuildFile section */

/* Begin PBXFileReference section */
		0260F4841E2789B7006D9C02 /* Glider.app */ = {isa = PBXFileReference; explicitFileType = wrapper.application; includeInIndex = 0; path = Glider.app; sourceTree = BUILT_PRODUCTS_DIR; };
		0260F4871E2789B7006D9C02 /* AppDelegate.swift */ = {isa = PBXFileReference; lastKnownFileType = sourcecode.swift; path = AppDelegate.swift; sourceTree = "<group>"; };
		0260F4891E2789B7006D9C02 /* ViewController.swift */ = {isa = PBXFileReference; lastKnownFileType = sourcecode.swift; path = ViewController.swift; sourceTree = "<group>"; };
		0260F48C1E2789B7006D9C02 /* Base */ = {isa = PBXFileReference; lastKnownFileType = file.storyboard; name = Base; path = Base.lproj/Main.storyboard; sourceTree = "<group>"; };
		0260F48E1E2789B7006D9C02 /* Assets.xcassets */ = {isa = PBXFileReference; lastKnownFileType = folder.assetcatalog; path = Assets.xcassets; sourceTree = "<group>"; };
		0260F4911E2789B7006D9C02 /* Base */ = {isa = PBXFileReference; lastKnownFileType = file.storyboard; name = Base; path = Base.lproj/LaunchScreen.storyboard; sourceTree = "<group>"; };
		0260F4931E2789B7006D9C02 /* Info.plist */ = {isa = PBXFileReference; lastKnownFileType = text.plist.xml; path = Info.plist; sourceTree = "<group>"; };
/* End PBXFileReference section */

/* Begin PBXFrameworksBuildPhase section */
		0260F4811E2789B7006D9C02 /* Frameworks */ = {
			isa = PBXFrameworksBuildPhase;
			buildActionMask = 2147483647;
			files = (
			);
			runOnlyForDeploymentPostprocessing = 0;
		};
/* End PBXFrameworksBuildPhase section */

/* Begin PBXGroup section */
		0260F47B1E2789B7006D9C02 = {
			isa = PBXGroup;
			children = (
				0260F4861E2789B7006D9C02 /* Glider */,
				0260F4851E2789B7006D9C02 /* Products */,
			);
			sourceTree = "<group>";
		};
		0260F4851E2789B7006D9C02 /* Products */ = {
			isa = PBXGroup;
			children = (
				0260F4841E2789B7006D9C02 /* Glider.app */,
			);
			name = Products;
			sourceTree = "<group>";
		};
		0260F4861E2789B7006D9C02 /* Glider */ = {
			isa = PBXGroup;
			children = (
				0260F4871E2789B7006D9C02 /* AppDelegate.swift */,
				0260F4891E2789B7006D9C02 /* ViewController.swift */,
				0260F48B1E2789B7006D9C02 /* Main.storyboard */,
				0260F48E1E2789B7006D9C02 /* Assets.xcassets */,
				0260F4901E2789B7006D9C02 /* LaunchScreen.storyboard */,
				0260F4931E2789B7006D9C02 /* Info.plist */,
			);
			path = Glider;
			sourceTree = "<group>";
		};
/* End PBXGroup section */

/* Begin PBXNativeTarget section */
		0260F4831E2789B7006D9C02 /* Glider */ = {
			isa = PBXNativeTarget;
			buildConfigurationList = 0260F4961E2789B7006D9C02 /* Build configuration list for PBXNativeTarget "Glider" */;
			buildPhases = (
				0260F4801E2789B7006D9C02 /* Sources */,
				0260F4811E2789B7006D9C02 /* Frameworks */,
				0260F4821E2789B7006D9C02 /* Resources */,
			);
			buildRules = (
			);
			dependencies = (
			);
			name = Glider;
			productName = Glider;
			productReference = 0260F4841E2789B7006D9C02 /* Glider.app */;
			productType = "com.apple.product-type.application";
		};
/* End PBXNativeTarget section */

/* Begin PBXProject section */
		0260F47C1E2789B7006D9C02 /* Project object */ = {
			isa = PBXProject;
			attributes = {
				LastSwiftUpdateCheck = 0820;
				LastUpgradeCheck = 0820;
				ORGANIZATIONNAME = "Tamas Bara";
				TargetAttributes = {
					0260F4831E2789B7006D9C02 = {
						CreatedOnToolsVersion = 8.2.1;
						DevelopmentTeam = F922GTGF8C;
						ProvisioningStyle = Automatic;
					};
				};
			};
			buildConfigurationList = 0260F47F1E2789B7006D9C02 /* Build configuration list for PBXProject "Glider" */;
			compatibilityVersion = "Xcode 3.2";
			developmentRegion = English;
			hasScannedForEncodings = 0;
			knownRegions = (
				en,
				Base,
			);
			mainGroup = 0260F47B1E2789B7006D9C02;
			productRefGroup = 0260F4851E2789B7006D9C02 /* Products */;
			projectDirPath = "";
			projectRoot = "";
			targets = (
				0260F4831E2789B7006D9C02 /* Glider */,
			);
		};
/* End PBXProject section */

/* Begin PBXResourcesBuildPhase section */
		0260F4821E2789B7006D9C02 /* Resources */ = {
			isa = PBXResourcesBuildPhase;
			buildActionMask = 2147483647;
			files = (
				0260F4921E2789B7006D9C02 /* LaunchScreen.storyboard in Resources */,
				0260F48F1E2789B7006D9C02 /* Assets.xcassets in Resources */,
				0260F48D1E2789B7006D9C02 /* Main.storyboard in Resources */,
			);
			runOnlyForDeploymentPostprocessing = 0;
		};
/* End PBXResourcesBuildPhase section */

/* Begin PBXSourcesBuildPhase section */
		0260F4801E2789B7006D9C02 /* Sources */ = {
			isa = PBXSourcesBuildPhase;
			buildActionMask = 2147483647;
			files = (
				0260F48A1E2789B7006D9C02 /* ViewController.swift in Sources */,
				0260F4881E2789B7006D9C02 /* AppDelegate.swift in Sources */,
			);
			runOnlyForDeploymentPostprocessing = 0;
		};
/* End PBXSourcesBuildPhase section */

/* Begin PBXVariantGroup section */
		0260F48B1E2789B7006D9C02 /* Main.storyboard */ = {
			isa = PBXVariantGroup;
			children = (
				0260F48C1E2789B7006D9C02 /* Base */,
			);
			name = Main.storyboard;
			sourceTree = "<group>";
		};
		0260F4901E2789B7006D9C02 /* LaunchScreen.storyboard */ = {
			isa = PBXVariantGroup;
			children = (
				0260F4911E2789B7006D9C02 /* Base */,
			);
			name = LaunchScreen.storyboard;
			sourceTree = "<group>";
		};
/* End PBXVariantGroup section */

/* Begin XCBuildConfiguration section */
		0260F4941E2789B7006D9C02 /* Debug */ = {
			isa = XCBuildConfiguration;
			buildSettings = {
				ALWAYS_SEARCH_USER_PATHS = NO;
				CLANG_ANALYZER_NONNULL = YES;
				CLANG_CXX_LANGUAGE_STANDARD = "gnu++0x";
				CLANG_CXX_LIBRARY = "libc++";
				CLANG_ENABLE_MODULES = YES;
				CLANG_ENABLE_OBJC_ARC = YES;
				CLANG_WARN_BOOL_CONVERSION = YES;
				CLANG_WARN_CONSTANT_CONVERSION = YES;
				CLANG_WARN_DIRECT_OBJC_ISA_USAGE = YES_ERROR;
				CLANG_WARN_DOCUMENTATION_COMMENTS = YES;
				CLANG_WARN_EMPTY_BODY = YES;
				CLANG_WARN_ENUM_CONVERSION = YES;
				CLANG_WARN_INFINITE_RECURSION = YES;
				CLANG_WARN_INT_CONVERSION = YES;
				CLANG_WARN_OBJC_ROOT_CLASS = YES_ERROR;
				CLANG_WARN_SUSPICIOUS_MOVE = YES;
				CLANG_WARN_UNREACHABLE_CODE = YES;
				CLANG_WARN__DUPLICATE_METHOD_MATCH = YES;
				"CODE_SIGN_IDENTITY[sdk=iphoneos*]" = "iPhone Developer";
				COPY_PHASE_STRIP = NO;
				DEBUG_INFORMATION_FORMAT = dwarf;
				ENABLE_STRICT_OBJC_MSGSEND = YES;
				ENABLE_TESTABILITY = YES;
				GCC_C_LANGUAGE_STANDARD = gnu99;
				GCC_DYNAMIC_NO_PIC = NO;
				GCC_NO_COMMON_BLOCKS = YES;
				GCC_OPTIMIZATION_LEVEL = 0;
				GCC_PREPROCESSOR_DEFINITIONS = (
					"DEBUG=1",
					"$(inherited)",
				);
				GCC_WARN_64_TO_32_BIT_CONVERSION = YES;
				GCC_WARN_ABOUT_RETURN_TYPE = YES_ERROR;
				GCC_WARN_UNDECLARED_SELECTOR = YES;
				GCC_WARN_UNINITIALIZED_AUTOS = YES_AGGRESSIVE;
				GCC_WARN_UNUSED_FUNCTION = YES;
				GCC_WARN_UNUSED_VARIABLE = YES;
				IPHONEOS_DEPLOYMENT_TARGET = 10.2;
				MTL_ENABLE_DEBUG_INFO = YES;
				ONLY_ACTIVE_ARCH = YES;
				SDKROOT = iphoneos;
				SWIFT_ACTIVE_COMPILATION_CONDITIONS = DEBUG;
				SWIFT_OPTIMIZATION_LEVEL = "-Onone";
			};
			name = Debug;
		};
		0260F4951E2789B7006D9C02 /* Release */ = {
			isa = XCBuildConfiguration;
			buildSettings = {
				ALWAYS_SEARCH_USER_PATHS = NO;
				CLANG_ANALYZER_NONNULL = YES;
				CLANG_CXX_LANGUAGE_STANDARD = "gnu++0x";
				CLANG_CXX_LIBRARY = "libc++";
				CLANG_ENABLE_MODULES = YES;
				CLANG_ENABLE_OBJC_ARC = YES;
				CLANG_WARN_BOOL_CONVERSION = YES;
				CLANG_WARN_CONSTANT_CONVERSION = YES;
				CLANG_WARN_DIRECT_OBJC_ISA_USAGE = YES_ERROR;
				CLANG_WARN_DOCUMENTATION_COMMENTS = YES;
				CLANG_WARN_EMPTY_BODY = YES;
				CLANG_WARN_ENUM_CONVERSION = YES;
				CLANG_WARN_INFINITE_RECURSION = YES;
				CLANG_WARN_INT_CONVERSION = YES;
				CLANG_WARN_OBJC_ROOT_CLASS = YES_ERROR;
				CLANG_WARN_SUSPICIOUS_MOVE = YES;
				CLANG_WARN_UNREACHABLE_CODE = YES;
				CLANG_WARN__DUPLICATE_METHOD_MATCH = YES;
				"CODE_SIGN_IDENTITY[sdk=iphoneos*]" = "iPhone Developer";
				COPY_PHASE_STRIP = NO;
				DEBUG_INFORMATION_FORMAT = "dwarf-with-dsym";
				ENABLE_NS_ASSERTIONS = NO;
				ENABLE_STRICT_OBJC_MSGSEND = YES;
				GCC_C_LANGUAGE_STANDARD = gnu99;
				GCC_NO_COMMON_BLOCKS = YES;
				GCC_WARN_64_TO_32_BIT_CONVERSION = YES;
				GCC_WARN_ABOUT_RETURN_TYPE = YES_ERROR;
				GCC_WARN_UNDECLARED_SELECTOR = YES;
				GCC_WARN_UNINITIALIZED_AUTOS = YES_AGGRESSIVE;
				GCC_WARN_UNUSED_FUNCTION = YES;
				GCC_WARN_UNUSED_VARIABLE = YES;
				IPHONEOS_DEPLOYMENT_TARGET = 10.2;
				MTL_ENABLE_DEBUG_INFO = NO;
				SDKROOT = iphoneos;
				SWIFT_OPTIMIZATION_LEVEL = "-Owholemodule";
				VALIDATE_PRODUCT = YES;
			};
			name = Release;
		};
		0260F4971E2789B7006D9C02 /* Debug */ = {
			isa = XCBuildConfiguration;
			buildSettings = {
				ASSETCATALOG_COMPILER_APPICON_NAME = AppIcon;
				DEVELOPMENT_TEAM = F922GTGF8C;
				INFOPLIST_FILE = Glider/Info.plist;
				IPHONEOS_DEPLOYMENT_TARGET = 10.0;
				LD_RUNPATH_SEARCH_PATHS = "$(inherited) @executable_path/Frameworks";
				PRODUCT_BUNDLE_IDENTIFIER = SnoozeSoft.Glider;
				PRODUCT_NAME = "$(TARGET_NAME)";
				SWIFT_VERSION = 3.0;
			};
			name = Debug;
		};
		0260F4981E2789B7006D9C02 /* Release */ = {
			isa = XCBuildConfiguration;
			buildSettings = {
				ASSETCATALOG_COMPILER_APPICON_NAME = AppIcon;
				DEVELOPMENT_TEAM = F922GTGF8C;
				INFOPLIST_FILE = Glider/Info.plist;
				IPHONEOS_DEPLOYMENT_TARGET = 10.0;
				LD_RUNPATH_SEARCH_PATHS = "$(inherited) @executable_path/Frameworks";
				PRODUCT_BUNDLE_IDENTIFIER = SnoozeSoft.Glider;
				PRODUCT_NAME = "$(TARGET_NAME)";
				SWIFT_VERSION = 3.0;
			};
			name = Release;
		};
/* End XCBuildConfiguration section */

/* Begin XCConfigurationList section */
		0260F47F1E2789B7006D9C02 /* Build configuration list for PBXProject "Glider" */ = {
			isa = XCConfigurationList;
			buildConfigurations = (
				0260F4941E2789B7006D9C02 /* Debug */,
				0260F4951E2789B7006D9C02 /* Release */,
			);
			defaultConfigurationIsVisible = 0;
			defaultConfigurationName = Release;
		};
		0260F4961E2789B7006D9C02 /* Build configuration list for PBXNativeTarget "Glider" */ = {
			isa = XCConfigurationList;
			buildConfigurations = (
				0260F4971E2789B7006D9C02 /* Debug */,
				0260F4981E2789B7006D9C02 /* Release */,
			);
			defaultConfigurationIsVisible = 0;
			defaultConfigurationName = Release;
		};
/* End XCConfigurationList section */
	};
	rootObject = 0260F47C1E2789B7006D9C02 /* Project object */;
}
